
Microsoft Visual Studio Solution File, Format Version 12.00
# Visual Studio Version 17
VisualStudioVersion = 17.0.32014.148
MinimumVisualStudioVersion = 10.0.40219.1
Project("{FAE04EC0-301F-11D3-BF4B-00C04F79EFBC}") = "Payment Service", "Payment Service\Payment Service.csproj", "{E464FA1A-3262-419C-9097-08E56DF6E568}"
EndProject
Global
	GlobalSection(SolutionConfigurationPlatforms) = preSolution
		Debug|Any CPU = Debug|Any CPU
		Release|Any CPU = Release|Any CPU
	EndGlobalSection
	GlobalSection(ProjectConfigurationPlatforms) = postSolution
		{E464FA1A-3262-419C-9097-08E56DF6E568}.Debug|Any CPU.ActiveCfg = Debug|Any CPU
		{E464FA1A-3262-419C-9097-08E56DF6E568}.Debug|Any CPU.Build.0 = Debug|Any CPU
		{E464FA1A-3262-419C-9097-08E56DF6E568}.Release|Any CPU.ActiveCfg = Release|Any CPU
		{E464FA1A-3262-419C-9097-08E56DF6E568}.Release|Any CPU.Build.0 = Release|Any CPU
	EndGlobalSection
	GlobalSection(SolutionProperties) = preSolution
		HideSolutionNode = FALSE
	EndGlobalSection
	GlobalSection(ExtensibilityGlobals) = postSolution
		SolutionGuid = {E269153E-582E-470B-8D19-A6C7E83B48BC}
	EndGlobalSection
EndGlobal
